Microsoft Visual Studio Solution File, Format Version 12.00
# Visual Studio Version 17
VisualStudioVersion = 17.5.2.0
MinimumVisualStudioVersion = 10.0.40219.1
Project("{FAE04EC0-301F-11D3-BF4B-00C04F79EFBC}") = "CHESS", "MonAppAvaloniaMVVM\CHESS.csproj", "{B349EA31-D49E-897C-FD56-6412A01A6FCD}"
EndProject
Global
	GlobalSection(SolutionConfigurationPlatforms) = preSolution
		Debug|Any CPU = Debug|Any CPU
		Release|Any CPU = Release|Any CPU
	EndGlobalSection
	GlobalSection(ProjectConfigurationPlatforms) = postSolution
		{B349EA31-D49E-897C-FD56-6412A01A6FCD}.Debug|Any CPU.ActiveCfg = Debug|Any CPU
		{B349EA31-D49E-897C-FD56-6412A01A6FCD}.Debug|Any CPU.Build.0 = Debug|Any CPU
		{B349EA31-D49E-897C-FD56-6412A01A6FCD}.Release|Any CPU.ActiveCfg = Release|Any CPU
		{B349EA31-D49E-897C-FD56-6412A01A6FCD}.Release|Any CPU.Build.0 = Release|Any CPU
	EndGlobalSection
	GlobalSection(SolutionProperties) = preSolution
		HideSolutionNode = FALSE
	EndGlobalSection
	GlobalSection(ExtensibilityGlobals) = postSolution
		SolutionGuid = {05CA0654-68E4-4520-BFCF-C3BB1F64944D}
	EndGlobalSection
EndGlobal
